
Microsoft Visual Studio Solution File, Format Version 12.00
# Visual Studio Version 17
VisualStudioVersion = 17.14.36221.1 d17.14
MinimumVisualStudioVersion = 10.0.40219.1
Project("{FAE04EC0-301F-11D3-BF4B-00C04F79EFBC}") = "WpfAppEvents", "WpfAppEvents\WpfAppEvents.csproj", "{8EE69753-465B-4E62-8B83-4195E4159C7F}"
EndProject
Global
	GlobalSection(SolutionConfigurationPlatforms) = preSolution
		Debug|Any CPU = Debug|Any CPU
		Release|Any CPU = Release|Any CPU
	EndGlobalSection
	GlobalSection(ProjectConfigurationPlatforms) = postSolution
		{8EE69753-465B-4E62-8B83-4195E4159C7F}.Debug|Any CPU.ActiveCfg = Debug|Any CPU
		{8EE69753-465B-4E62-8B83-4195E4159C7F}.Debug|Any CPU.Build.0 = Debug|Any CPU
		{8EE69753-465B-4E62-8B83-4195E4159C7F}.Release|Any CPU.ActiveCfg = Release|Any CPU
		{8EE69753-465B-4E62-8B83-4195E4159C7F}.Release|Any CPU.Build.0 = Release|Any CPU
	EndGlobalSection
	GlobalSection(SolutionProperties) = preSolution
		HideSolutionNode = FALSE
	EndGlobalSection
	GlobalSection(ExtensibilityGlobals) = postSolution
		SolutionGuid = {F003EDB7-4EFB-41B2-9B56-4E78F5241D39}
	EndGlobalSection
EndGlobal
